
Microsoft Visual Studio Solution File, Format Version 11.00
# Visual Studio 2010
Project("{FAE04EC0-301F-11D3-BF4B-00C04F79EFBC}") = "Euler", "Euler\Euler.csproj", "{38286D31-2C20-46F3-A3D9-E30D1F4D88DF}"
EndProject
Global
	GlobalSection(SolutionConfigurationPlatforms) = preSolution
		Debug|x86 = Debug|x86
		Release|x86 = Release|x86
	EndGlobalSection
	GlobalSection(ProjectConfigurationPlatforms) = postSolution
		{38286D31-2C20-46F3-A3D9-E30D1F4D88DF}.Debug|x86.ActiveCfg = Debug|x86
		{38286D31-2C20-46F3-A3D9-E30D1F4D88DF}.Debug|x86.Build.0 = Debug|x86
		{38286D31-2C20-46F3-A3D9-E30D1F4D88DF}.Release|x86.ActiveCfg = Release|x86
		{38286D31-2C20-46F3-A3D9-E30D1F4D88DF}.Release|x86.Build.0 = Release|x86
	EndGlobalSection
	GlobalSection(SolutionProperties) = preSolution
		HideSolutionNode = FALSE
	EndGlobalSection
EndGlobal
