
Microsoft Visual Studio Solution File, Format Version 11.00
# Visual Studio 2010
Project("{FAE04EC0-301F-11D3-BF4B-00C04F79EFBC}") = "GrandeTracer", "GrandeTracer\GrandeTracer.csproj", "{10B3836A-1CBA-4EA8-B90F-2DB479A41179}"
EndProject
Global
	GlobalSection(SolutionConfigurationPlatforms) = preSolution
		Debug|x86 = Debug|x86
		Release|x86 = Release|x86
	EndGlobalSection
	GlobalSection(ProjectConfigurationPlatforms) = postSolution
		{10B3836A-1CBA-4EA8-B90F-2DB479A41179}.Debug|x86.ActiveCfg = Debug|x86
		{10B3836A-1CBA-4EA8-B90F-2DB479A41179}.Debug|x86.Build.0 = Debug|x86
		{10B3836A-1CBA-4EA8-B90F-2DB479A41179}.Release|x86.ActiveCfg = Release|x86
		{10B3836A-1CBA-4EA8-B90F-2DB479A41179}.Release|x86.Build.0 = Release|x86
	EndGlobalSection
	GlobalSection(SolutionProperties) = preSolution
		HideSolutionNode = FALSE
	EndGlobalSection
EndGlobal
